// !$*UTF8*$!
{
	archiveVersion = 1;
	classes = {
	};
	objectVersion = 50;
	objects = {

/* Begin PBXBuildFile section */
		483362AD22F8B15F001CD8FB /* AppDelegate.swift in Sources */ = {isa = PBXBuildFile; fileRef = 483362AC22F8B15F001CD8FB /* AppDelegate.swift */; };
		483362AF22F8B15F001CD8FB /* ViewController.swift in Sources */ = {isa = PBXBuildFile; fileRef = 483362AE22F8B15F001CD8FB /* ViewController.swift */; };
		483362B222F8B15F001CD8FB /* Main.storyboard in Resources */ = {isa = PBXBuildFile; fileRef = 483362B022F8B15F001CD8FB /* Main.storyboard */; };
		483362B422F8B161001CD8FB /* Assets.xcassets in Resources */ = {isa = PBXBuildFile; fileRef = 483362B322F8B161001CD8FB /* Assets.xcassets */; };
		483362B722F8B161001CD8FB /* LaunchScreen.storyboard in Resources */ = {isa = PBXBuildFile; fileRef = 483362B522F8B161001CD8FB /* LaunchScreen.storyboard */; };
		483362BF22F8E551001CD8FB /* MasaViewController.swift in Sources */ = {isa = PBXBuildFile; fileRef = 483362BE22F8E551001CD8FB /* MasaViewController.swift */; };
		483362C322F8E5C2001CD8FB /* QuesoViewController.swift in Sources */ = {isa = PBXBuildFile; fileRef = 483362C222F8E5C2001CD8FB /* QuesoViewController.swift */; };
		483362C522F8E5EE001CD8FB /* IngredientesViewController.swift in Sources */ = {isa = PBXBuildFile; fileRef = 483362C422F8E5EE001CD8FB /* IngredientesViewController.swift */; };
		483362C722F8E60C001CD8FB /* ListaIngredientesViewController.swift in Sources */ = {isa = PBXBuildFile; fileRef = 483362C622F8E60C001CD8FB /* ListaIngredientesViewController.swift */; };
		483362C922F8E629001CD8FB /* OrdenViewController.swift in Sources */ = {isa = PBXBuildFile; fileRef = 483362C822F8E629001CD8FB /* OrdenViewController.swift */; };
/* End PBXBuildFile section */

/* Begin PBXFileReference section */
		483362A922F8B15F001CD8FB /* pizza.app */ = {isa = PBXFileReference; explicitFileType = wrapper.application; includeInIndex = 0; path = pizza.app; sourceTree = BUILT_PRODUCTS_DIR; };
		483362AC22F8B15F001CD8FB /* AppDelegate.swift */ = {isa = PBXFileReference; lastKnownFileType = sourcecode.swift; path = AppDelegate.swift; sourceTree = "<group>"; };
		483362AE22F8B15F001CD8FB /* ViewController.swift */ = {isa = PBXFileReference; lastKnownFileType = sourcecode.swift; path = ViewController.swift; sourceTree = "<group>"; };
		483362B122F8B15F001CD8FB /* Base */ = {isa = PBXFileReference; lastKnownFileType = file.storyboard; name = Base; path = Base.lproj/Main.storyboard; sourceTree = "<group>"; };
		483362B322F8B161001CD8FB /* Assets.xcassets */ = {isa = PBXFileReference; lastKnownFileType = folder.assetcatalog; path = Assets.xcassets; sourceTree = "<group>"; };
		483362B622F8B161001CD8FB /* Base */ = {isa = PBXFileReference; lastKnownFileType = file.storyboard; name = Base; path = Base.lproj/LaunchScreen.storyboard; sourceTree = "<group>"; };
		483362B822F8B161001CD8FB /* Info.plist */ = {isa = PBXFileReference; lastKnownFileType = text.plist.xml; path = Info.plist; sourceTree = "<group>"; };
		483362BE22F8E551001CD8FB /* MasaViewController.swift */ = {isa = PBXFileReference; lastKnownFileType = sourcecode.swift; path = MasaViewController.swift; sourceTree = "<group>"; };
		483362C222F8E5C2001CD8FB /* QuesoViewController.swift */ = {isa = PBXFileReference; lastKnownFileType = sourcecode.swift; path = QuesoViewController.swift; sourceTree = "<group>"; };
		483362C422F8E5EE001CD8FB /* IngredientesViewController.swift */ = {isa = PBXFileReference; lastKnownFileType = sourcecode.swift; path = IngredientesViewController.swift; sourceTree = "<group>"; };
		483362C622F8E60C001CD8FB /* ListaIngredientesViewController.swift */ = {isa = PBXFileReference; lastKnownFileType = sourcecode.swift; path = ListaIngredientesViewController.swift; sourceTree = "<group>"; };
		483362C822F8E629001CD8FB /* OrdenViewController.swift */ = {isa = PBXFileReference; lastKnownFileType = sourcecode.swift; path = OrdenViewController.swift; sourceTree = "<group>"; };
/* End PBXFileReference section */

/* Begin PBXFrameworksBuildPhase section */
		483362A622F8B15F001CD8FB /* Frameworks */ = {
			isa = PBXFrameworksBuildPhase;
			buildActionMask = 2147483647;
			files = (
			);
			runOnlyForDeploymentPostprocessing = 0;
		};
/* End PBXFrameworksBuildPhase section */

/* Begin PBXGroup section */
		483362A022F8B15F001CD8FB = {
			isa = PBXGroup;
			children = (
				483362AB22F8B15F001CD8FB /* pizza */,
				483362AA22F8B15F001CD8FB /* Products */,
			);
			sourceTree = "<group>";
		};
		483362AA22F8B15F001CD8FB /* Products */ = {
			isa = PBXGroup;
			children = (
				483362A922F8B15F001CD8FB /* pizza.app */,
			);
			name = Products;
			sourceTree = "<group>";
		};
		483362AB22F8B15F001CD8FB /* pizza */ = {
			isa = PBXGroup;
			children = (
				483362AC22F8B15F001CD8FB /* AppDelegate.swift */,
				483362AE22F8B15F001CD8FB /* ViewController.swift */,
				483362B022F8B15F001CD8FB /* Main.storyboard */,
				483362B322F8B161001CD8FB /* Assets.xcassets */,
				483362B522F8B161001CD8FB /* LaunchScreen.storyboard */,
				483362B822F8B161001CD8FB /* Info.plist */,
				483362BE22F8E551001CD8FB /* MasaViewController.swift */,
				483362C222F8E5C2001CD8FB /* QuesoViewController.swift */,
				483362C422F8E5EE001CD8FB /* IngredientesViewController.swift */,
				483362C622F8E60C001CD8FB /* ListaIngredientesViewController.swift */,
				483362C822F8E629001CD8FB /* OrdenViewController.swift */,
			);
			path = pizza;
			sourceTree = "<group>";
		};
/* End PBXGroup section */

/* Begin PBXNativeTarget section */
		483362A822F8B15F001CD8FB /* pizza */ = {
			isa = PBXNativeTarget;
			buildConfigurationList = 483362BB22F8B161001CD8FB /* Build configuration list for PBXNativeTarget "pizza" */;
			buildPhases = (
				483362A522F8B15F001CD8FB /* Sources */,
				483362A622F8B15F001CD8FB /* Frameworks */,
				483362A722F8B15F001CD8FB /* Resources */,
			);
			buildRules = (
			);
			dependencies = (
			);
			name = pizza;
			productName = pizza;
			productReference = 483362A922F8B15F001CD8FB /* pizza.app */;
			productType = "com.apple.product-type.application";
		};
/* End PBXNativeTarget section */

/* Begin PBXProject section */
		483362A122F8B15F001CD8FB /* Project object */ = {
			isa = PBXProject;
			attributes = {
				LastSwiftUpdateCheck = 1030;
				LastUpgradeCheck = 1030;
				ORGANIZATIONNAME = "Dayana Romero";
				TargetAttributes = {
					483362A822F8B15F001CD8FB = {
						CreatedOnToolsVersion = 10.3;
					};
				};
			};
			buildConfigurationList = 483362A422F8B15F001CD8FB /* Build configuration list for PBXProject "pizza" */;
			compatibilityVersion = "Xcode 9.3";
			developmentRegion = en;
			hasScannedForEncodings = 0;
			knownRegions = (
				en,
				Base,
			);
			mainGroup = 483362A022F8B15F001CD8FB;
			productRefGroup = 483362AA22F8B15F001CD8FB /* Products */;
			projectDirPath = "";
			projectRoot = "";
			targets = (
				483362A822F8B15F001CD8FB /* pizza */,
			);
		};
/* End PBXProject section */

/* Begin PBXResourcesBuildPhase section */
		483362A722F8B15F001CD8FB /* Resources */ = {
			isa = PBXResourcesBuildPhase;
			buildActionMask = 2147483647;
			files = (
				483362B722F8B161001CD8FB /* LaunchScreen.storyboard in Resources */,
				483362B422F8B161001CD8FB /* Assets.xcassets in Resources */,
				483362B222F8B15F001CD8FB /* Main.storyboard in Resources */,
			);
			runOnlyForDeploymentPostprocessing = 0;
		};
/* End PBXResourcesBuildPhase section */

/* Begin PBXSourcesBuildPhase section */
		483362A522F8B15F001CD8FB /* Sources */ = {
			isa = PBXSourcesBuildPhase;
			buildActionMask = 2147483647;
			files = (
				483362C322F8E5C2001CD8FB /* QuesoViewController.swift in Sources */,
				483362BF22F8E551001CD8FB /* MasaViewController.swift in Sources */,
				483362C522F8E5EE001CD8FB /* IngredientesViewController.swift in Sources */,
				483362C722F8E60C001CD8FB /* ListaIngredientesViewController.swift in Sources */,
				483362AF22F8B15F001CD8FB /* ViewController.swift in Sources */,
				483362AD22F8B15F001CD8FB /* AppDelegate.swift in Sources */,
				483362C922F8E629001CD8FB /* OrdenViewController.swift in Sources */,
			);
			runOnlyForDeploymentPostprocessing = 0;
		};
/* End PBXSourcesBuildPhase section */

/* Begin PBXVariantGroup section */
		483362B022F8B15F001CD8FB /* Main.storyboard */ = {
			isa = PBXVariantGroup;
			children = (
				483362B122F8B15F001CD8FB /* Base */,
			);
			name = Main.storyboard;
			sourceTree = "<group>";
		};
		483362B522F8B161001CD8FB /* LaunchScreen.storyboard */ = {
			isa = PBXVariantGroup;
			children = (
				483362B622F8B161001CD8FB /* Base */,
			);
			name = LaunchScreen.storyboard;
			sourceTree = "<group>";
		};
/* End PBXVariantGroup section */

/* Begin XCBuildConfiguration section */
		483362B922F8B161001CD8FB /* Debug */ = {
			isa = XCBuildConfiguration;
			buildSettings = {
				ALWAYS_SEARCH_USER_PATHS = NO;
				CLANG_ANALYZER_NONNULL = YES;
				CLANG_ANALYZER_NUMBER_OBJECT_CONVERSION = YES_AGGRESSIVE;
				CLANG_CXX_LANGUAGE_STANDARD = "gnu++14";
				CLANG_CXX_LIBRARY = "libc++";
				CLANG_ENABLE_MODULES = YES;
				CLANG_ENABLE_OBJC_ARC = YES;
				CLANG_ENABLE_OBJC_WEAK = YES;
				CLANG_WARN_BLOCK_CAPTURE_AUTORELEASING = YES;
				CLANG_WARN_BOOL_CONVERSION = YES;
				CLANG_WARN_COMMA = YES;
				CLANG_WARN_CONSTANT_CONVERSION = YES;
				CLANG_WARN_DEPRECATED_OBJC_IMPLEMENTATIONS = YES;
				CLANG_WARN_DIRECT_OBJC_ISA_USAGE = YES_ERROR;
				CLANG_WARN_DOCUMENTATION_COMMENTS = YES;
				CLANG_WARN_EMPTY_BODY = YES;
				CLANG_WARN_ENUM_CONVERSION = YES;
				CLANG_WARN_INFINITE_RECURSION = YES;
				CLANG_WARN_INT_CONVERSION = YES;
				CLANG_WARN_NON_LITERAL_NULL_CONVERSION = YES;
				CLANG_WARN_OBJC_IMPLICIT_RETAIN_SELF = YES;
				CLANG_WARN_OBJC_LITERAL_CONVERSION = YES;
				CLANG_WARN_OBJC_ROOT_CLASS = YES_ERROR;
				CLANG_WARN_RANGE_LOOP_ANALYSIS = YES;
				CLANG_WARN_STRICT_PROTOTYPES = YES;
				CLANG_WARN_SUSPICIOUS_MOVE = YES;
				CLANG_WARN_UNGUARDED_AVAILABILITY = YES_AGGRESSIVE;
				CLANG_WARN_UNREACHABLE_CODE = YES;
				CLANG_WARN__DUPLICATE_METHOD_MATCH = YES;
				CODE_SIGN_IDENTITY = "iPhone Developer";
				COPY_PHASE_STRIP = NO;
				DEBUG_INFORMATION_FORMAT = dwarf;
				ENABLE_STRICT_OBJC_MSGSEND = YES;
				ENABLE_TESTABILITY = YES;
				GCC_C_LANGUAGE_STANDARD = gnu11;
				GCC_DYNAMIC_NO_PIC = NO;
				GCC_NO_COMMON_BLOCKS = YES;
				GCC_OPTIMIZATION_LEVEL = 0;
				GCC_PREPROCESSOR_DEFINITIONS = (
					"DEBUG=1",
					"$(inherited)",
				);
				GCC_WARN_64_TO_32_BIT_CONVERSION = YES;
				GCC_WARN_ABOUT_RETURN_TYPE = YES_ERROR;
				GCC_WARN_UNDECLARED_SELECTOR = YES;
				GCC_WARN_UNINITIALIZED_AUTOS = YES_AGGRESSIVE;
				GCC_WARN_UNUSED_FUNCTION = YES;
				GCC_WARN_UNUSED_VARIABLE = YES;
				IPHONEOS_DEPLOYMENT_TARGET = 12.4;
				MTL_ENABLE_DEBUG_INFO = INCLUDE_SOURCE;
				MTL_FAST_MATH = YES;
				ONLY_ACTIVE_ARCH = YES;
				SDKROOT = iphoneos;
				SWIFT_ACTIVE_COMPILATION_CONDITIONS = DEBUG;
				SWIFT_OPTIMIZATION_LEVEL = "-Onone";
			};
			name = Debug;
		};
		483362BA22F8B161001CD8FB /* Release */ = {
			isa = XCBuildConfiguration;
			buildSettings = {
				ALWAYS_SEARCH_USER_PATHS = NO;
				CLANG_ANALYZER_NONNULL = YES;
				CLANG_ANALYZER_NUMBER_OBJECT_CONVERSION = YES_AGGRESSIVE;
				CLANG_CXX_LANGUAGE_STANDARD = "gnu++14";
				CLANG_CXX_LIBRARY = "libc++";
				CLANG_ENABLE_MODULES = YES;
				CLANG_ENABLE_OBJC_ARC = YES;
				CLANG_ENABLE_OBJC_WEAK = YES;
				CLANG_WARN_BLOCK_CAPTURE_AUTORELEASING = YES;
				CLANG_WARN_BOOL_CONVERSION = YES;
				CLANG_WARN_COMMA = YES;
				CLANG_WARN_CONSTANT_CONVERSION = YES;
				CLANG_WARN_DEPRECATED_OBJC_IMPLEMENTATIONS = YES;
				CLANG_WARN_DIRECT_OBJC_ISA_USAGE = YES_ERROR;
				CLANG_WARN_DOCUMENTATION_COMMENTS = YES;
				CLANG_WARN_EMPTY_BODY = YES;
				CLANG_WARN_ENUM_CONVERSION = YES;
				CLANG_WARN_INFINITE_RECURSION = YES;
				CLANG_WARN_INT_CONVERSION = YES;
				CLANG_WARN_NON_LITERAL_NULL_CONVERSION = YES;
				CLANG_WARN_OBJC_IMPLICIT_RETAIN_SELF = YES;
				CLANG_WARN_OBJC_LITERAL_CONVERSION = YES;
				CLANG_WARN_OBJC_ROOT_CLASS = YES_ERROR;
				CLANG_WARN_RANGE_LOOP_ANALYSIS = YES;
				CLANG_WARN_STRICT_PROTOTYPES = YES;
				CLANG_WARN_SUSPICIOUS_MOVE = YES;
				CLANG_WARN_UNGUARDED_AVAILABILITY = YES_AGGRESSIVE;
				CLANG_WARN_UNREACHABLE_CODE = YES;
				CLANG_WARN__DUPLICATE_METHOD_MATCH = YES;
				CODE_SIGN_IDENTITY = "iPhone Developer";
				COPY_PHASE_STRIP = NO;
				DEBUG_INFORMATION_FORMAT = "dwarf-with-dsym";
				ENABLE_NS_ASSERTIONS = NO;
				ENABLE_STRICT_OBJC_MSGSEND = YES;
				GCC_C_LANGUAGE_STANDARD = gnu11;
				GCC_NO_COMMON_BLOCKS = YES;
				GCC_WARN_64_TO_32_BIT_CONVERSION = YES;
				GCC_WARN_ABOUT_RETURN_TYPE = YES_ERROR;
				GCC_WARN_UNDECLARED_SELECTOR = YES;
				GCC_WARN_UNINITIALIZED_AUTOS = YES_AGGRESSIVE;
				GCC_WARN_UNUSED_FUNCTION = YES;
				GCC_WARN_UNUSED_VARIABLE = YES;
				IPHONEOS_DEPLOYMENT_TARGET = 12.4;
				MTL_ENABLE_DEBUG_INFO = NO;
				MTL_FAST_MATH = YES;
				SDKROOT = iphoneos;
				SWIFT_COMPILATION_MODE = wholemodule;
				SWIFT_OPTIMIZATION_LEVEL = "-O";
				VALIDATE_PRODUCT = YES;
			};
			name = Release;
		};
		483362BC22F8B161001CD8FB /* Debug */ = {
			isa = XCBuildConfiguration;
			buildSettings = {
				ASSETCATALOG_COMPILER_APPICON_NAME = AppIcon;
				CODE_SIGN_STYLE = Automatic;
				INFOPLIST_FILE = pizza/Info.plist;
				LD_RUNPATH_SEARCH_PATHS = (
					"$(inherited)",
					"@executable_path/Frameworks",
				);
				PRODUCT_BUNDLE_IDENTIFIER = edu.uniandes.pizza;
				PRODUCT_NAME = "$(TARGET_NAME)";
				SWIFT_VERSION = 5.0;
				TARGETED_DEVICE_FAMILY = "1,2";
			};
			name = Debug;
		};
		483362BD22F8B161001CD8FB /* Release */ = {
			isa = XCBuildConfiguration;
			buildSettings = {
				ASSETCATALOG_COMPILER_APPICON_NAME = AppIcon;
				CODE_SIGN_STYLE = Automatic;
				INFOPLIST_FILE = pizza/Info.plist;
				LD_RUNPATH_SEARCH_PATHS = (
					"$(inherited)",
					"@executable_path/Frameworks",
				);
				PRODUCT_BUNDLE_IDENTIFIER = edu.uniandes.pizza;
				PRODUCT_NAME = "$(TARGET_NAME)";
				SWIFT_VERSION = 5.0;
				TARGETED_DEVICE_FAMILY = "1,2";
			};
			name = Release;
		};
/* End XCBuildConfiguration section */

/* Begin XCConfigurationList section */
		483362A422F8B15F001CD8FB /* Build configuration list for PBXProject "pizza" */ = {
			isa = XCConfigurationList;
			buildConfigurations = (
				483362B922F8B161001CD8FB /* Debug */,
				483362BA22F8B161001CD8FB /* Release */,
			);
			defaultConfigurationIsVisible = 0;
			defaultConfigurationName = Release;
		};
		483362BB22F8B161001CD8FB /* Build configuration list for PBXNativeTarget "pizza" */ = {
			isa = XCConfigurationList;
			buildConfigurations = (
				483362BC22F8B161001CD8FB /* Debug */,
				483362BD22F8B161001CD8FB /* Release */,
			);
			defaultConfigurationIsVisible = 0;
			defaultConfigurationName = Release;
		};
/* End XCConfigurationList section */
	};
	rootObject = 483362A122F8B15F001CD8FB /* Project object */;
}
